github.com/golang/protobuf v1.2.0 h1:P3YflyNX/ehuJFLhxviNdFxQPkGK5cDcApsge1SqnvM=
github.com/golang/protobuf v1.2.0/go.mod h1:6lQm79b+lXiMfvg/cZm0SGofjICqVBUtrP5yJMmIC1U=
github.com/google/go-github v17.0.0+incompatible h1:N0LgJ1j65A7kfXrZnUDaYCs/Sf4rEjNlfyDHW9dolSY=
github.com/google/go-github v17.0.0+incompatible/go.mod h1:zLgOLi98H3fifZn+44m+umXrS52loVEgC2AApnigrVQ=
github.com/google/go-querystring v1.0.0 h1:Xkwi/a1rcvNg1PPYe5vI8GbeBY/jrVuDX5ASuANWTrk=
github.com/google/go-querystring v1.0.0/go.mod h1:odCYkC5MyYFN7vkCjXpyrEuKhc/BUO6wN/zVPAxq5ck=
github.com/gorilla/context v1.1.1 h1:AWwleXJkX/nhcU9bZSnZoi3h/qGYqQAGhq6zZe/aQW8=
github.com/gorilla/context v1.1.1/go.mod h1:kBGZzfjB9CEq2AlWe17Uuf7NDRt0dE0s8S51q0aT7Yg=
github.com/gorilla/mux v1.6.2 h1:Pgr17XVTNXAk3q/r4CpKzC5xBM/qW1uVLV+IhRZpIIk=
github.com/gorilla/mux v1.6.2/go.mod h1:1lud6UwP+6orDFRuTfBEV8e9/aOM/c4fVVCaMa2zaAs=
github.com/icub3d/graceful v0.0.0-20150426161802-c35c02575508 h1:pax9JCxkPK2vkKW36qCURVgDJElxZgxoPecZMfD8CjU=
github.com/icub3d/graceful v0.0.0-20150426161802-c35c02575508/go.mod h1:dKf/Jxnwh0uXQ7vgDVbXwV8PoZIagjcZozYDiUHHS94=
github.com/marpaia/chef-golang v0.1.1-0.20170804021637-5237b77e9f54 h1:/S332O8/vwWgsMGd55/zsgQWXhd7hpFHgpTt8laSOG0=
github.com/marpaia/chef-golang v0.1.1-0.20170804021637-5237b77e9f54/go.mod h1:JuMP/YKjn5NxEuxjsn1PUKGstApK3g/qNn5vDaTDDUg=
github.com/mitchellh/osext v0.0.0-20151018003038-5e2d6d41470f h1:2+myh5ml7lgEU/51gbeLHfKGNfgEQQIWrlbdaOsidbQ=
github.com/mitchellh/osext v0.0.0-20151018003038-5e2d6d41470f/go.mod h1:OkQIRizQZAeMln+1tSwduZz7+Af5oFlKirV/MSYes2A=
github.com/xanzy/go-gitlab v0.11.6 h1:UZDsJ6Q05sw1CtTq2ZX4R4Syg5NacdB5g2tdWBIIkTA=
github.com/xanzy/go-gitlab v0.11.6/go.mod h1:8zdQa/ri1dfn8eS3Ir1SyfvOKlw7WBJ8DVThkpGiXrs=
github.com/xanzy/go-pathspec v1.0.1 h1:duIJo+KtA1hRr0DnpQWQQfe8lzqxMg0tA9SOPGnLy9E=
github.com/xanzy/go-pathspec v1.0.1/go.mod h1:kkGj4h2VmQ1a5oc8HI79R0kP455DGvCusDjBPNzRysE=
github.com/xanzy/multisyncer v0.0.0-20151209090734-170d66c6ef90 h1:pHWdb7guGshjdI6iqXdRmn/sTyxBtGpTMjrYkpGPDB8=
github.com/xanzy/multisyncer v0.0.0-20151209090734-170d66c6ef90/go.mod h1:gsPQA0xZ2YoLrETaigVJG+E78SP6KyHLqxePS4L2WZk=
golang.org/x/net v0.0.0-20180724234803-3673e40ba225/go.mod h1:mL1N/T3taQHkDXs73rZJwtUhF3w3ftmwwsq0BUmARs4=
golang.org/x/net v0.0.0-20181108082009-03003ca0c849 h1:FSqE2GGG7wzsYUsWiQ8MZrvEd1EOyU3NCF0AW3Wtltg=
golang.org/x/net v0.0.0-20181108082009-03003ca0c849/go.mod h1:mL1N/T3taQHkDXs73rZJwtUhF3w3ftmwwsq0BUmARs4=
golang.org/x/oauth2 v0.0.0-20181106182150-f42d05182288 h1:JIqe8uIcRBHXDQVvZtHwp80ai3Lw3IJAeJEs55Dc1W0=
golang.org/x/oauth2 v0.0.0-20181106182150-f42d05182288/go.mod h1:N/0e6XlmueqKjAGxoOufVs8QHGRruUQn6yWY3a++T0U=
golang.org/x/sync v0.0.0-20181108010431-42b317875d0f h1:Bl/8QSvNqXvPGPGXa2z5xUTmV7VDcZyvRZ+QQXkXTZQ=
golang.org/x/sync v0.0.0-20181108010431-42b317875d0f/go.mod h1:RxMgew5VJxzue5/jJTE5uejpjVlOe/izrB70Jof72aM=
golang.org/x/text v0.3.0/go.mod h1:NqM8EUOU14njkJ3fqMW+pc6Ldnwhi/IjpwHt7yyuwOQ=
google.golang.org/appengine v1.3.0 h1:FBSsiFRMz3LBeXIomRnVzrQwSDj4ibvcRexLG0LZGQk=
google.golang.org/appengine v1.3.0/go.mod h1:xpcJRLb0r/rnEns0DIKYYv+WjYCduHsrkT7/EB5XEv4=
gopkg.in/gcfg.v1 v1.2.3 h1:m8OOJ4ccYHnx2f4gQwpno8nAX5OGOh7RLaaz0pj3Ogs=
gopkg.in/gcfg.v1 v1.2.3/go.mod h1:yesOnuUOFQAhST5vPY4nbZsb/huCgGGXlipJsBn0b3o=
gopkg.in/warnings.v0 v0.1.2 h1:wFXVbFY8DY5/xOe1ECiWdKCzZlxgshcYVNkBHstARME=
gopkg.in/warnings.v0 v0.1.2/go.mod h1:jksf8JmL6Qr/oQM2OXTHunEvvTAsrWBLb6OOjuVWRNI=
